
Microsoft Visual Studio Solution File, Format Version 12.00
# Visual Studio 14
VisualStudioVersion = 14.0.23107.0
MinimumVisualStudioVersion = 10.0.40219.1
Project("{FAE04EC0-301F-11D3-BF4B-00C04F79EFBC}") = "StorageAdapters", "StorageAdapters\StorageAdapters.csproj", "{C33E2B25-0C65-4180-A6DC-479B2E18E784}"
EndProject
Project("{FAE04EC0-301F-11D3-BF4B-00C04F79EFBC}") = "StorageAdapters.IO", "StorageAdapters.IO\StorageAdapters.IO.csproj", "{CCDFD365-682D-4E6D-B3CC-7575E63C880B}"
EndProject
Project("{2150E333-8FDC-42A3-9474-1A3956D46DE8}") = "IO", "IO", "{E4047AF7-D632-44F0-BF4A-F4314FD37EC7}"
EndProject
Project("{FAE04EC0-301F-11D3-BF4B-00C04F79EFBC}") = "StorageAdapters.IO.Test", "StorageAdapters.IO.Test\StorageAdapters.IO.Test.csproj", "{B67532C8-19B0-4CF7-976F-F744FF1D15EE}"
EndProject
Project("{FAE04EC0-301F-11D3-BF4B-00C04F79EFBC}") = "StorageAdapters.Test", "StorageAdapters.Test\StorageAdapters.Test.csproj", "{F582057A-3F16-4130-9EB7-BDA89FA6CAAA}"
EndProject
Project("{2150E333-8FDC-42A3-9474-1A3956D46DE8}") = "WebDAV", "WebDAV", "{2AA68E02-B296-4A8D-946E-87D3046F3E48}"
EndProject
Project("{FAE04EC0-301F-11D3-BF4B-00C04F79EFBC}") = "StorageAdapters.WebDAV", "StorageAdapters.WebDAV\StorageAdapters.WebDAV.csproj", "{CE99E945-397F-4828-B0E3-AF86F74DE944}"
EndProject
Project("{FAE04EC0-301F-11D3-BF4B-00C04F79EFBC}") = "StorageAdapters.WebDAV.Test", "StorageAdapters.WebDAV.Test\StorageAdapters.WebDAV.Test.csproj", "{55D7D6BD-1142-43D9-96FB-84F3AC393165}"
EndProject
Project("{2150E333-8FDC-42A3-9474-1A3956D46DE8}") = "InMemory", "InMemory", "{41336868-A66B-4F7C-9BFD-54B4561A06AF}"
EndProject
Project("{FAE04EC0-301F-11D3-BF4B-00C04F79EFBC}") = "StorageAdapters.InMemory", "StorageAdapters.InMemory\StorageAdapters.InMemory.csproj", "{FE953D1E-A273-4DAE-943A-DEF47BD6C4CF}"
EndProject
Project("{FAE04EC0-301F-11D3-BF4B-00C04F79EFBC}") = "StorageAdapters.InMemory.Test", "StorageAdapters.InMemory.Test\StorageAdapters.InMemory.Test.csproj", "{F7D88D24-A5D3-482E-BA9F-C4C206539458}"
EndProject
Project("{2150E333-8FDC-42A3-9474-1A3956D46DE8}") = "Azure", "Azure", "{56557602-0850-446A-9B83-9AA1702650B3}"
EndProject
Project("{FAE04EC0-301F-11D3-BF4B-00C04F79EFBC}") = "StorageAdapters.Azure", "StorageAdapters.Azure\StorageAdapters.Azure.csproj", "{A29DE856-DC50-45D9-BA34-77CE18DC4391}"
EndProject
Project("{2150E333-8FDC-42A3-9474-1A3956D46DE8}") = "FTP", "FTP", "{69724905-41F7-4F81-8F21-28B7B6772EFA}"
EndProject
Project("{FAE04EC0-301F-11D3-BF4B-00C04F79EFBC}") = "StorageAdapters.FTP.Client", "StorageAdapters.FTP.Client\StorageAdapters.FTP.Client.csproj", "{AC390BE7-6721-47F7-8EF9-6245CA17B483}"
EndProject
Project("{FAE04EC0-301F-11D3-BF4B-00C04F79EFBC}") = "StorageAdapters.FTP.Client.WindowsStore", "StorageAdapters.FTP.Client.WindowsStore\StorageAdapters.FTP.Client.WindowsStore.csproj", "{81E03914-5281-494B-BC83-040A8304E895}"
EndProject
Project("{FAE04EC0-301F-11D3-BF4B-00C04F79EFBC}") = "StorageAdapters.FTP.Client.WindowsStore.Test", "StorageAdapters.FTP.Client.WindowsStore.Test\StorageAdapters.FTP.Client.WindowsStore.Test.csproj", "{ADC6668B-B7FF-4FEC-88D8-8B29FA218F4D}"
EndProject
Project("{FAE04EC0-301F-11D3-BF4B-00C04F79EFBC}") = "StorageAdapters.Azure.Desktop", "StorageAdapters.Azure.Desktop\StorageAdapters.Azure.Desktop.csproj", "{315E8681-32A0-4E43-B3A6-9AFB9839883D}"
EndProject
Project("{FAE04EC0-301F-11D3-BF4B-00C04F79EFBC}") = "StorageAdapters.Azure.WindowsStore", "StorageAdapters.Azure.WindowsStore\StorageAdapters.Azure.WindowsStore.csproj", "{5B382155-5BF2-4464-B763-54DAF4A409B5}"
EndProject
Project("{FAE04EC0-301F-11D3-BF4B-00C04F79EFBC}") = "StorageAdapters.Azure.Test", "StorageAdapters.Azure.Test\StorageAdapters.Azure.Test.csproj", "{AB0D8B80-EB06-42A4-B45C-FC107D6860D8}"
EndProject
Project("{2150E333-8FDC-42A3-9474-1A3956D46DE8}") = "Solution Items", "Solution Items", "{E28CB63B-65A1-4E21-9353-0372AF3976EA}"
	ProjectSection(SolutionItems) = preProject
		LICENSE = LICENSE
		Readme.md = Readme.md
	EndProjectSection
EndProject
Project("{2150E333-8FDC-42A3-9474-1A3956D46DE8}") = "BackBlaze", "BackBlaze", "{7A994352-160F-45DF-999F-FE4EB462C354}"
EndProject
Global
	GlobalSection(SolutionConfigurationPlatforms) = preSolution
		Debug|Any CPU = Debug|Any CPU
		Debug|ARM = Debug|ARM
		Debug|x64 = Debug|x64
		Debug|x86 = Debug|x86
		Release|Any CPU = Release|Any CPU
		Release|ARM = Release|ARM
		Release|x64 = Release|x64
		Release|x86 = Release|x86
	EndGlobalSection
	GlobalSection(ProjectConfigurationPlatforms) = postSolution
		{C33E2B25-0C65-4180-A6DC-479B2E18E784}.Debug|Any CPU.ActiveCfg = Debug|Any CPU
		{C33E2B25-0C65-4180-A6DC-479B2E18E784}.Debug|Any CPU.Build.0 = Debug|Any CPU
		{C33E2B25-0C65-4180-A6DC-479B2E18E784}.Debug|ARM.ActiveCfg = Debug|Any CPU
		{C33E2B25-0C65-4180-A6DC-479B2E18E784}.Debug|ARM.Build.0 = Debug|Any CPU
		{C33E2B25-0C65-4180-A6DC-479B2E18E784}.Debug|x64.ActiveCfg = Debug|Any CPU
		{C33E2B25-0C65-4180-A6DC-479B2E18E784}.Debug|x64.Build.0 = Debug|Any CPU
		{C33E2B25-0C65-4180-A6DC-479B2E18E784}.Debug|x86.ActiveCfg = Debug|Any CPU
		{C33E2B25-0C65-4180-A6DC-479B2E18E784}.Debug|x86.Build.0 = Debug|Any CPU
		{C33E2B25-0C65-4180-A6DC-479B2E18E784}.Release|Any CPU.ActiveCfg = Release|Any CPU
		{C33E2B25-0C65-4180-A6DC-479B2E18E784}.Release|Any CPU.Build.0 = Release|Any CPU
		{C33E2B25-0C65-4180-A6DC-479B2E18E784}.Release|ARM.ActiveCfg = Release|Any CPU
		{C33E2B25-0C65-4180-A6DC-479B2E18E784}.Release|ARM.Build.0 = Release|Any CPU
		{C33E2B25-0C65-4180-A6DC-479B2E18E784}.Release|x64.ActiveCfg = Release|Any CPU
		{C33E2B25-0C65-4180-A6DC-479B2E18E784}.Release|x64.Build.0 = Release|Any CPU
		{C33E2B25-0C65-4180-A6DC-479B2E18E784}.Release|x86.ActiveCfg = Release|Any CPU
		{C33E2B25-0C65-4180-A6DC-479B2E18E784}.Release|x86.Build.0 = Release|Any CPU
		{CCDFD365-682D-4E6D-B3CC-7575E63C880B}.Debug|Any CPU.ActiveCfg = Debug|Any CPU
		{CCDFD365-682D-4E6D-B3CC-7575E63C880B}.Debug|Any CPU.Build.0 = Debug|Any CPU
		{CCDFD365-682D-4E6D-B3CC-7575E63C880B}.Debug|ARM.ActiveCfg = Debug|Any CPU
		{CCDFD365-682D-4E6D-B3CC-7575E63C880B}.Debug|ARM.Build.0 = Debug|Any CPU
		{CCDFD365-682D-4E6D-B3CC-7575E63C880B}.Debug|x64.ActiveCfg = Debug|Any CPU
		{CCDFD365-682D-4E6D-B3CC-7575E63C880B}.Debug|x64.Build.0 = Debug|Any CPU
		{CCDFD365-682D-4E6D-B3CC-7575E63C880B}.Debug|x86.ActiveCfg = Debug|Any CPU
		{CCDFD365-682D-4E6D-B3CC-7575E63C880B}.Debug|x86.Build.0 = Debug|Any CPU
		{CCDFD365-682D-4E6D-B3CC-7575E63C880B}.Release|Any CPU.ActiveCfg = Release|Any CPU
		{CCDFD365-682D-4E6D-B3CC-7575E63C880B}.Release|Any CPU.Build.0 = Release|Any CPU
		{CCDFD365-682D-4E6D-B3CC-7575E63C880B}.Release|ARM.ActiveCfg = Release|Any CPU
		{CCDFD365-682D-4E6D-B3CC-7575E63C880B}.Release|ARM.Build.0 = Release|Any CPU
		{CCDFD365-682D-4E6D-B3CC-7575E63C880B}.Release|x64.ActiveCfg = Release|Any CPU
		{CCDFD365-682D-4E6D-B3CC-7575E63C880B}.Release|x64.Build.0 = Release|Any CPU
		{CCDFD365-682D-4E6D-B3CC-7575E63C880B}.Release|x86.ActiveCfg = Release|Any CPU
		{CCDFD365-682D-4E6D-B3CC-7575E63C880B}.Release|x86.Build.0 = Release|Any CPU
		{B67532C8-19B0-4CF7-976F-F744FF1D15EE}.Debug|Any CPU.ActiveCfg = Debug|Any CPU
		{B67532C8-19B0-4CF7-976F-F744FF1D15EE}.Debug|Any CPU.Build.0 = Debug|Any CPU
		{B67532C8-19B0-4CF7-976F-F744FF1D15EE}.Debug|ARM.ActiveCfg = Debug|Any CPU
		{B67532C8-19B0-4CF7-976F-F744FF1D15EE}.Debug|ARM.Build.0 = Debug|Any CPU
		{B67532C8-19B0-4CF7-976F-F744FF1D15EE}.Debug|x64.ActiveCfg = Debug|Any CPU
		{B67532C8-19B0-4CF7-976F-F744FF1D15EE}.Debug|x64.Build.0 = Debug|Any CPU
		{B67532C8-19B0-4CF7-976F-F744FF1D15EE}.Debug|x86.ActiveCfg = Debug|Any CPU
		{B67532C8-19B0-4CF7-976F-F744FF1D15EE}.Debug|x86.Build.0 = Debug|Any CPU
		{B67532C8-19B0-4CF7-976F-F744FF1D15EE}.Release|Any CPU.ActiveCfg = Release|Any CPU
		{B67532C8-19B0-4CF7-976F-F744FF1D15EE}.Release|Any CPU.Build.0 = Release|Any CPU
		{B67532C8-19B0-4CF7-976F-F744FF1D15EE}.Release|ARM.ActiveCfg = Release|Any CPU
		{B67532C8-19B0-4CF7-976F-F744FF1D15EE}.Release|ARM.Build.0 = Release|Any CPU
		{B67532C8-19B0-4CF7-976F-F744FF1D15EE}.Release|x64.ActiveCfg = Release|Any CPU
		{B67532C8-19B0-4CF7-976F-F744FF1D15EE}.Release|x64.Build.0 = Release|Any CPU
		{B67532C8-19B0-4CF7-976F-F744FF1D15EE}.Release|x86.ActiveCfg = Release|Any CPU
		{B67532C8-19B0-4CF7-976F-F744FF1D15EE}.Release|x86.Build.0 = Release|Any CPU
		{F582057A-3F16-4130-9EB7-BDA89FA6CAAA}.Debug|Any CPU.ActiveCfg = Debug|Any CPU
		{F582057A-3F16-4130-9EB7-BDA89FA6CAAA}.Debug|Any CPU.Build.0 = Debug|Any CPU
		{F582057A-3F16-4130-9EB7-BDA89FA6CAAA}.Debug|ARM.ActiveCfg = Debug|Any CPU
		{F582057A-3F16-4130-9EB7-BDA89FA6CAAA}.Debug|ARM.Build.0 = Debug|Any CPU
		{F582057A-3F16-4130-9EB7-BDA89FA6CAAA}.Debug|x64.ActiveCfg = Debug|Any CPU
		{F582057A-3F16-4130-9EB7-BDA89FA6CAAA}.Debug|x64.Build.0 = Debug|Any CPU
		{F582057A-3F16-4130-9EB7-BDA89FA6CAAA}.Debug|x86.ActiveCfg = Debug|Any CPU
		{F582057A-3F16-4130-9EB7-BDA89FA6CAAA}.Debug|x86.Build.0 = Debug|Any CPU
		{F582057A-3F16-4130-9EB7-BDA89FA6CAAA}.Release|Any CPU.ActiveCfg = Release|Any CPU
		{F582057A-3F16-4130-9EB7-BDA89FA6CAAA}.Release|Any CPU.Build.0 = Release|Any CPU
		{F582057A-3F16-4130-9EB7-BDA89FA6CAAA}.Release|ARM.ActiveCfg = Release|Any CPU
		{F582057A-3F16-4130-9EB7-BDA89FA6CAAA}.Release|ARM.Build.0 = Release|Any CPU
		{F582057A-3F16-4130-9EB7-BDA89FA6CAAA}.Release|x64.ActiveCfg = Release|Any CPU
		{F582057A-3F16-4130-9EB7-BDA89FA6CAAA}.Release|x64.Build.0 = Release|Any CPU
		{F582057A-3F16-4130-9EB7-BDA89FA6CAAA}.Release|x86.ActiveCfg = Release|Any CPU
		{F582057A-3F16-4130-9EB7-BDA89FA6CAAA}.Release|x86.Build.0 = Release|Any CPU
		{CE99E945-397F-4828-B0E3-AF86F74DE944}.Debug|Any CPU.ActiveCfg = Debug|Any CPU
		{CE99E945-397F-4828-B0E3-AF86F74DE944}.Debug|Any CPU.Build.0 = Debug|Any CPU
		{CE99E945-397F-4828-B0E3-AF86F74DE944}.Debug|ARM.ActiveCfg = Debug|Any CPU
		{CE99E945-397F-4828-B0E3-AF86F74DE944}.Debug|ARM.Build.0 = Debug|Any CPU
		{CE99E945-397F-4828-B0E3-AF86F74DE944}.Debug|x64.ActiveCfg = Debug|Any CPU
		{CE99E945-397F-4828-B0E3-AF86F74DE944}.Debug|x64.Build.0 = Debug|Any CPU
		{CE99E945-397F-4828-B0E3-AF86F74DE944}.Debug|x86.ActiveCfg = Debug|Any CPU
		{CE99E945-397F-4828-B0E3-AF86F74DE944}.Debug|x86.Build.0 = Debug|Any CPU
		{CE99E945-397F-4828-B0E3-AF86F74DE944}.Release|Any CPU.ActiveCfg = Release|Any CPU
		{CE99E945-397F-4828-B0E3-AF86F74DE944}.Release|Any CPU.Build.0 = Release|Any CPU
		{CE99E945-397F-4828-B0E3-AF86F74DE944}.Release|ARM.ActiveCfg = Release|Any CPU
		{CE99E945-397F-4828-B0E3-AF86F74DE944}.Release|ARM.Build.0 = Release|Any CPU
		{CE99E945-397F-4828-B0E3-AF86F74DE944}.Release|x64.ActiveCfg = Release|Any CPU
		{CE99E945-397F-4828-B0E3-AF86F74DE944}.Release|x64.Build.0 = Release|Any CPU
		{CE99E945-397F-4828-B0E3-AF86F74DE944}.Release|x86.ActiveCfg = Release|Any CPU
		{CE99E945-397F-4828-B0E3-AF86F74DE944}.Release|x86.Build.0 = Release|Any CPU
		{55D7D6BD-1142-43D9-96FB-84F3AC393165}.Debug|Any CPU.ActiveCfg = Debug|Any CPU
		{55D7D6BD-1142-43D9-96FB-84F3AC393165}.Debug|Any CPU.Build.0 = Debug|Any CPU
		{55D7D6BD-1142-43D9-96FB-84F3AC393165}.Debug|ARM.ActiveCfg = Debug|Any CPU
		{55D7D6BD-1142-43D9-96FB-84F3AC393165}.Debug|ARM.Build.0 = Debug|Any CPU
		{55D7D6BD-1142-43D9-96FB-84F3AC393165}.Debug|x64.ActiveCfg = Debug|Any CPU
		{55D7D6BD-1142-43D9-96FB-84F3AC393165}.Debug|x64.Build.0 = Debug|Any CPU
		{55D7D6BD-1142-43D9-96FB-84F3AC393165}.Debug|x86.ActiveCfg = Debug|Any CPU
		{55D7D6BD-1142-43D9-96FB-84F3AC393165}.Debug|x86.Build.0 = Debug|Any CPU
		{55D7D6BD-1142-43D9-96FB-84F3AC393165}.Release|Any CPU.ActiveCfg = Release|Any CPU
		{55D7D6BD-1142-43D9-96FB-84F3AC393165}.Release|Any CPU.Build.0 = Release|Any CPU
		{55D7D6BD-1142-43D9-96FB-84F3AC393165}.Release|ARM.ActiveCfg = Release|Any CPU
		{55D7D6BD-1142-43D9-96FB-84F3AC393165}.Release|ARM.Build.0 = Release|Any CPU
		{55D7D6BD-1142-43D9-96FB-84F3AC393165}.Release|x64.ActiveCfg = Release|Any CPU
		{55D7D6BD-1142-43D9-96FB-84F3AC393165}.Release|x64.Build.0 = Release|Any CPU
		{55D7D6BD-1142-43D9-96FB-84F3AC393165}.Release|x86.ActiveCfg = Release|Any CPU
		{55D7D6BD-1142-43D9-96FB-84F3AC393165}.Release|x86.Build.0 = Release|Any CPU
		{FE953D1E-A273-4DAE-943A-DEF47BD6C4CF}.Debug|Any CPU.ActiveCfg = Debug|Any CPU
		{FE953D1E-A273-4DAE-943A-DEF47BD6C4CF}.Debug|Any CPU.Build.0 = Debug|Any CPU
		{FE953D1E-A273-4DAE-943A-DEF47BD6C4CF}.Debug|ARM.ActiveCfg = Debug|Any CPU
		{FE953D1E-A273-4DAE-943A-DEF47BD6C4CF}.Debug|ARM.Build.0 = Debug|Any CPU
		{FE953D1E-A273-4DAE-943A-DEF47BD6C4CF}.Debug|x64.ActiveCfg = Debug|Any CPU
		{FE953D1E-A273-4DAE-943A-DEF47BD6C4CF}.Debug|x64.Build.0 = Debug|Any CPU
		{FE953D1E-A273-4DAE-943A-DEF47BD6C4CF}.Debug|x86.ActiveCfg = Debug|Any CPU
		{FE953D1E-A273-4DAE-943A-DEF47BD6C4CF}.Debug|x86.Build.0 = Debug|Any CPU
		{FE953D1E-A273-4DAE-943A-DEF47BD6C4CF}.Release|Any CPU.ActiveCfg = Release|Any CPU
		{FE953D1E-A273-4DAE-943A-DEF47BD6C4CF}.Release|Any CPU.Build.0 = Release|Any CPU
		{FE953D1E-A273-4DAE-943A-DEF47BD6C4CF}.Release|ARM.ActiveCfg = Release|Any CPU
		{FE953D1E-A273-4DAE-943A-DEF47BD6C4CF}.Release|ARM.Build.0 = Release|Any CPU
		{FE953D1E-A273-4DAE-943A-DEF47BD6C4CF}.Release|x64.ActiveCfg = Release|Any CPU
		{FE953D1E-A273-4DAE-943A-DEF47BD6C4CF}.Release|x64.Build.0 = Release|Any CPU
		{FE953D1E-A273-4DAE-943A-DEF47BD6C4CF}.Release|x86.ActiveCfg = Release|Any CPU
		{FE953D1E-A273-4DAE-943A-DEF47BD6C4CF}.Release|x86.Build.0 = Release|Any CPU
		{F7D88D24-A5D3-482E-BA9F-C4C206539458}.Debug|Any CPU.ActiveCfg = Debug|Any CPU
		{F7D88D24-A5D3-482E-BA9F-C4C206539458}.Debug|Any CPU.Build.0 = Debug|Any CPU
		{F7D88D24-A5D3-482E-BA9F-C4C206539458}.Debug|ARM.ActiveCfg = Debug|Any CPU
		{F7D88D24-A5D3-482E-BA9F-C4C206539458}.Debug|ARM.Build.0 = Debug|Any CPU
		{F7D88D24-A5D3-482E-BA9F-C4C206539458}.Debug|x64.ActiveCfg = Debug|Any CPU
		{F7D88D24-A5D3-482E-BA9F-C4C206539458}.Debug|x64.Build.0 = Debug|Any CPU
		{F7D88D24-A5D3-482E-BA9F-C4C206539458}.Debug|x86.ActiveCfg = Debug|Any CPU
		{F7D88D24-A5D3-482E-BA9F-C4C206539458}.Debug|x86.Build.0 = Debug|Any CPU
		{F7D88D24-A5D3-482E-BA9F-C4C206539458}.Release|Any CPU.ActiveCfg = Release|Any CPU
		{F7D88D24-A5D3-482E-BA9F-C4C206539458}.Release|Any CPU.Build.0 = Release|Any CPU
		{F7D88D24-A5D3-482E-BA9F-C4C206539458}.Release|ARM.ActiveCfg = Release|Any CPU
		{F7D88D24-A5D3-482E-BA9F-C4C206539458}.Release|ARM.Build.0 = Release|Any CPU
		{F7D88D24-A5D3-482E-BA9F-C4C206539458}.Release|x64.ActiveCfg = Release|Any CPU
		{F7D88D24-A5D3-482E-BA9F-C4C206539458}.Release|x64.Build.0 = Release|Any CPU
		{F7D88D24-A5D3-482E-BA9F-C4C206539458}.Release|x86.ActiveCfg = Release|Any CPU
		{F7D88D24-A5D3-482E-BA9F-C4C206539458}.Release|x86.Build.0 = Release|Any CPU
		{A29DE856-DC50-45D9-BA34-77CE18DC4391}.Debug|Any CPU.ActiveCfg = Debug|Any CPU
		{A29DE856-DC50-45D9-BA34-77CE18DC4391}.Debug|Any CPU.Build.0 = Debug|Any CPU
		{A29DE856-DC50-45D9-BA34-77CE18DC4391}.Debug|ARM.ActiveCfg = Debug|Any CPU
		{A29DE856-DC50-45D9-BA34-77CE18DC4391}.Debug|ARM.Build.0 = Debug|Any CPU
		{A29DE856-DC50-45D9-BA34-77CE18DC4391}.Debug|x64.ActiveCfg = Debug|Any CPU
		{A29DE856-DC50-45D9-BA34-77CE18DC4391}.Debug|x64.Build.0 = Debug|Any CPU
		{A29DE856-DC50-45D9-BA34-77CE18DC4391}.Debug|x86.ActiveCfg = Debug|Any CPU
		{A29DE856-DC50-45D9-BA34-77CE18DC4391}.Debug|x86.Build.0 = Debug|Any CPU
		{A29DE856-DC50-45D9-BA34-77CE18DC4391}.Release|Any CPU.ActiveCfg = Release|Any CPU
		{A29DE856-DC50-45D9-BA34-77CE18DC4391}.Release|Any CPU.Build.0 = Release|Any CPU
		{A29DE856-DC50-45D9-BA34-77CE18DC4391}.Release|ARM.ActiveCfg = Release|Any CPU
		{A29DE856-DC50-45D9-BA34-77CE18DC4391}.Release|ARM.Build.0 = Release|Any CPU
		{A29DE856-DC50-45D9-BA34-77CE18DC4391}.Release|x64.ActiveCfg = Release|Any CPU
		{A29DE856-DC50-45D9-BA34-77CE18DC4391}.Release|x64.Build.0 = Release|Any CPU
		{A29DE856-DC50-45D9-BA34-77CE18DC4391}.Release|x86.ActiveCfg = Release|Any CPU
		{A29DE856-DC50-45D9-BA34-77CE18DC4391}.Release|x86.Build.0 = Release|Any CPU
		{AC390BE7-6721-47F7-8EF9-6245CA17B483}.Debug|Any CPU.ActiveCfg = Debug|Any CPU
		{AC390BE7-6721-47F7-8EF9-6245CA17B483}.Debug|Any CPU.Build.0 = Debug|Any CPU
		{AC390BE7-6721-47F7-8EF9-6245CA17B483}.Debug|ARM.ActiveCfg = Debug|Any CPU
		{AC390BE7-6721-47F7-8EF9-6245CA17B483}.Debug|ARM.Build.0 = Debug|Any CPU
		{AC390BE7-6721-47F7-8EF9-6245CA17B483}.Debug|x64.ActiveCfg = Debug|Any CPU
		{AC390BE7-6721-47F7-8EF9-6245CA17B483}.Debug|x64.Build.0 = Debug|Any CPU
		{AC390BE7-6721-47F7-8EF9-6245CA17B483}.Debug|x86.ActiveCfg = Debug|Any CPU
		{AC390BE7-6721-47F7-8EF9-6245CA17B483}.Debug|x86.Build.0 = Debug|Any CPU
		{AC390BE7-6721-47F7-8EF9-6245CA17B483}.Release|Any CPU.ActiveCfg = Release|Any CPU
		{AC390BE7-6721-47F7-8EF9-6245CA17B483}.Release|Any CPU.Build.0 = Release|Any CPU
		{AC390BE7-6721-47F7-8EF9-6245CA17B483}.Release|ARM.ActiveCfg = Release|Any CPU
		{AC390BE7-6721-47F7-8EF9-6245CA17B483}.Release|ARM.Build.0 = Release|Any CPU
		{AC390BE7-6721-47F7-8EF9-6245CA17B483}.Release|x64.ActiveCfg = Release|Any CPU
		{AC390BE7-6721-47F7-8EF9-6245CA17B483}.Release|x64.Build.0 = Release|Any CPU
		{AC390BE7-6721-47F7-8EF9-6245CA17B483}.Release|x86.ActiveCfg = Release|Any CPU
		{AC390BE7-6721-47F7-8EF9-6245CA17B483}.Release|x86.Build.0 = Release|Any CPU
		{81E03914-5281-494B-BC83-040A8304E895}.Debug|Any CPU.ActiveCfg = Debug|Any CPU
		{81E03914-5281-494B-BC83-040A8304E895}.Debug|Any CPU.Build.0 = Debug|Any CPU
		{81E03914-5281-494B-BC83-040A8304E895}.Debug|ARM.ActiveCfg = Debug|Any CPU
		{81E03914-5281-494B-BC83-040A8304E895}.Debug|ARM.Build.0 = Debug|Any CPU
		{81E03914-5281-494B-BC83-040A8304E895}.Debug|x64.ActiveCfg = Debug|Any CPU
		{81E03914-5281-494B-BC83-040A8304E895}.Debug|x64.Build.0 = Debug|Any CPU
		{81E03914-5281-494B-BC83-040A8304E895}.Debug|x86.ActiveCfg = Debug|Any CPU
		{81E03914-5281-494B-BC83-040A8304E895}.Debug|x86.Build.0 = Debug|Any CPU
		{81E03914-5281-494B-BC83-040A8304E895}.Release|Any CPU.ActiveCfg = Release|Any CPU
		{81E03914-5281-494B-BC83-040A8304E895}.Release|Any CPU.Build.0 = Release|Any CPU
		{81E03914-5281-494B-BC83-040A8304E895}.Release|ARM.ActiveCfg = Release|Any CPU
		{81E03914-5281-494B-BC83-040A8304E895}.Release|ARM.Build.0 = Release|Any CPU
		{81E03914-5281-494B-BC83-040A8304E895}.Release|x64.ActiveCfg = Release|Any CPU
		{81E03914-5281-494B-BC83-040A8304E895}.Release|x64.Build.0 = Release|Any CPU
		{81E03914-5281-494B-BC83-040A8304E895}.Release|x86.ActiveCfg = Release|Any CPU
		{81E03914-5281-494B-BC83-040A8304E895}.Release|x86.Build.0 = Release|Any CPU
		{ADC6668B-B7FF-4FEC-88D8-8B29FA218F4D}.Debug|Any CPU.ActiveCfg = Debug|Any CPU
		{ADC6668B-B7FF-4FEC-88D8-8B29FA218F4D}.Debug|Any CPU.Build.0 = Debug|Any CPU
		{ADC6668B-B7FF-4FEC-88D8-8B29FA218F4D}.Debug|Any CPU.Deploy.0 = Debug|Any CPU
		{ADC6668B-B7FF-4FEC-88D8-8B29FA218F4D}.Debug|ARM.ActiveCfg = Debug|ARM
		{ADC6668B-B7FF-4FEC-88D8-8B29FA218F4D}.Debug|ARM.Build.0 = Debug|ARM
		{ADC6668B-B7FF-4FEC-88D8-8B29FA218F4D}.Debug|ARM.Deploy.0 = Debug|ARM
		{ADC6668B-B7FF-4FEC-88D8-8B29FA218F4D}.Debug|x64.ActiveCfg = Debug|x64
		{ADC6668B-B7FF-4FEC-88D8-8B29FA218F4D}.Debug|x64.Build.0 = Debug|x64
		{ADC6668B-B7FF-4FEC-88D8-8B29FA218F4D}.Debug|x64.Deploy.0 = Debug|x64
		{ADC6668B-B7FF-4FEC-88D8-8B29FA218F4D}.Debug|x86.ActiveCfg = Debug|x86
		{ADC6668B-B7FF-4FEC-88D8-8B29FA218F4D}.Debug|x86.Build.0 = Debug|x86
		{ADC6668B-B7FF-4FEC-88D8-8B29FA218F4D}.Debug|x86.Deploy.0 = Debug|x86
		{ADC6668B-B7FF-4FEC-88D8-8B29FA218F4D}.Release|Any CPU.ActiveCfg = Release|Any CPU
		{ADC6668B-B7FF-4FEC-88D8-8B29FA218F4D}.Release|Any CPU.Build.0 = Release|Any CPU
		{ADC6668B-B7FF-4FEC-88D8-8B29FA218F4D}.Release|Any CPU.Deploy.0 = Release|Any CPU
		{ADC6668B-B7FF-4FEC-88D8-8B29FA218F4D}.Release|ARM.ActiveCfg = Release|ARM
		{ADC6668B-B7FF-4FEC-88D8-8B29FA218F4D}.Release|ARM.Build.0 = Release|ARM
		{ADC6668B-B7FF-4FEC-88D8-8B29FA218F4D}.Release|ARM.Deploy.0 = Release|ARM
		{ADC6668B-B7FF-4FEC-88D8-8B29FA218F4D}.Release|x64.ActiveCfg = Release|x64
		{ADC6668B-B7FF-4FEC-88D8-8B29FA218F4D}.Release|x64.Build.0 = Release|x64
		{ADC6668B-B7FF-4FEC-88D8-8B29FA218F4D}.Release|x64.Deploy.0 = Release|x64
		{ADC6668B-B7FF-4FEC-88D8-8B29FA218F4D}.Release|x86.ActiveCfg = Release|x86
		{ADC6668B-B7FF-4FEC-88D8-8B29FA218F4D}.Release|x86.Build.0 = Release|x86
		{ADC6668B-B7FF-4FEC-88D8-8B29FA218F4D}.Release|x86.Deploy.0 = Release|x86
		{315E8681-32A0-4E43-B3A6-9AFB9839883D}.Debug|Any CPU.ActiveCfg = Debug|Any CPU
		{315E8681-32A0-4E43-B3A6-9AFB9839883D}.Debug|Any CPU.Build.0 = Debug|Any CPU
		{315E8681-32A0-4E43-B3A6-9AFB9839883D}.Debug|ARM.ActiveCfg = Debug|Any CPU
		{315E8681-32A0-4E43-B3A6-9AFB9839883D}.Debug|ARM.Build.0 = Debug|Any CPU
		{315E8681-32A0-4E43-B3A6-9AFB9839883D}.Debug|x64.ActiveCfg = Debug|Any CPU
		{315E8681-32A0-4E43-B3A6-9AFB9839883D}.Debug|x64.Build.0 = Debug|Any CPU
		{315E8681-32A0-4E43-B3A6-9AFB9839883D}.Debug|x86.ActiveCfg = Debug|Any CPU
		{315E8681-32A0-4E43-B3A6-9AFB9839883D}.Debug|x86.Build.0 = Debug|Any CPU
		{315E8681-32A0-4E43-B3A6-9AFB9839883D}.Release|Any CPU.ActiveCfg = Release|Any CPU
		{315E8681-32A0-4E43-B3A6-9AFB9839883D}.Release|Any CPU.Build.0 = Release|Any CPU
		{315E8681-32A0-4E43-B3A6-9AFB9839883D}.Release|ARM.ActiveCfg = Release|Any CPU
		{315E8681-32A0-4E43-B3A6-9AFB9839883D}.Release|ARM.Build.0 = Release|Any CPU
		{315E8681-32A0-4E43-B3A6-9AFB9839883D}.Release|x64.ActiveCfg = Release|Any CPU
		{315E8681-32A0-4E43-B3A6-9AFB9839883D}.Release|x64.Build.0 = Release|Any CPU
		{315E8681-32A0-4E43-B3A6-9AFB9839883D}.Release|x86.ActiveCfg = Release|Any CPU
		{315E8681-32A0-4E43-B3A6-9AFB9839883D}.Release|x86.Build.0 = Release|Any CPU
		{5B382155-5BF2-4464-B763-54DAF4A409B5}.Debug|Any CPU.ActiveCfg = Debug|Any CPU
		{5B382155-5BF2-4464-B763-54DAF4A409B5}.Debug|Any CPU.Build.0 = Debug|Any CPU
		{5B382155-5BF2-4464-B763-54DAF4A409B5}.Debug|ARM.ActiveCfg = Debug|Any CPU
		{5B382155-5BF2-4464-B763-54DAF4A409B5}.Debug|ARM.Build.0 = Debug|Any CPU
		{5B382155-5BF2-4464-B763-54DAF4A409B5}.Debug|x64.ActiveCfg = Debug|Any CPU
		{5B382155-5BF2-4464-B763-54DAF4A409B5}.Debug|x64.Build.0 = Debug|Any CPU
		{5B382155-5BF2-4464-B763-54DAF4A409B5}.Debug|x86.ActiveCfg = Debug|Any CPU
		{5B382155-5BF2-4464-B763-54DAF4A409B5}.Debug|x86.Build.0 = Debug|Any CPU
		{5B382155-5BF2-4464-B763-54DAF4A409B5}.Release|Any CPU.ActiveCfg = Release|Any CPU
		{5B382155-5BF2-4464-B763-54DAF4A409B5}.Release|Any CPU.Build.0 = Release|Any CPU
		{5B382155-5BF2-4464-B763-54DAF4A409B5}.Release|ARM.ActiveCfg = Release|Any CPU
		{5B382155-5BF2-4464-B763-54DAF4A409B5}.Release|ARM.Build.0 = Release|Any CPU
		{5B382155-5BF2-4464-B763-54DAF4A409B5}.Release|x64.ActiveCfg = Release|Any CPU
		{5B382155-5BF2-4464-B763-54DAF4A409B5}.Release|x64.Build.0 = Release|Any CPU
		{5B382155-5BF2-4464-B763-54DAF4A409B5}.Release|x86.ActiveCfg = Release|Any CPU
		{5B382155-5BF2-4464-B763-54DAF4A409B5}.Release|x86.Build.0 = Release|Any CPU
		{AB0D8B80-EB06-42A4-B45C-FC107D6860D8}.Debug|Any CPU.ActiveCfg = Debug|Any CPU
		{AB0D8B80-EB06-42A4-B45C-FC107D6860D8}.Debug|Any CPU.Build.0 = Debug|Any CPU
		{AB0D8B80-EB06-42A4-B45C-FC107D6860D8}.Debug|ARM.ActiveCfg = Debug|Any CPU
		{AB0D8B80-EB06-42A4-B45C-FC107D6860D8}.Debug|ARM.Build.0 = Debug|Any CPU
		{AB0D8B80-EB06-42A4-B45C-FC107D6860D8}.Debug|x64.ActiveCfg = Debug|Any CPU
		{AB0D8B80-EB06-42A4-B45C-FC107D6860D8}.Debug|x64.Build.0 = Debug|Any CPU
		{AB0D8B80-EB06-42A4-B45C-FC107D6860D8}.Debug|x86.ActiveCfg = Debug|Any CPU
		{AB0D8B80-EB06-42A4-B45C-FC107D6860D8}.Debug|x86.Build.0 = Debug|Any CPU
		{AB0D8B80-EB06-42A4-B45C-FC107D6860D8}.Release|Any CPU.ActiveCfg = Release|Any CPU
		{AB0D8B80-EB06-42A4-B45C-FC107D6860D8}.Release|Any CPU.Build.0 = Release|Any CPU
		{AB0D8B80-EB06-42A4-B45C-FC107D6860D8}.Release|ARM.ActiveCfg = Release|Any CPU
		{AB0D8B80-EB06-42A4-B45C-FC107D6860D8}.Release|ARM.Build.0 = Release|Any CPU
		{AB0D8B80-EB06-42A4-B45C-FC107D6860D8}.Release|x64.ActiveCfg = Release|Any CPU
		{AB0D8B80-EB06-42A4-B45C-FC107D6860D8}.Release|x64.Build.0 = Release|Any CPU
		{AB0D8B80-EB06-42A4-B45C-FC107D6860D8}.Release|x86.ActiveCfg = Release|Any CPU
		{AB0D8B80-EB06-42A4-B45C-FC107D6860D8}.Release|x86.Build.0 = Release|Any CPU
	EndGlobalSection
	GlobalSection(SolutionProperties) = preSolution
		HideSolutionNode = FALSE
	EndGlobalSection
	GlobalSection(NestedProjects) = preSolution
		{CCDFD365-682D-4E6D-B3CC-7575E63C880B} = {E4047AF7-D632-44F0-BF4A-F4314FD37EC7}
		{B67532C8-19B0-4CF7-976F-F744FF1D15EE} = {E4047AF7-D632-44F0-BF4A-F4314FD37EC7}
		{CE99E945-397F-4828-B0E3-AF86F74DE944} = {2AA68E02-B296-4A8D-946E-87D3046F3E48}
		{55D7D6BD-1142-43D9-96FB-84F3AC393165} = {2AA68E02-B296-4A8D-946E-87D3046F3E48}
		{FE953D1E-A273-4DAE-943A-DEF47BD6C4CF} = {41336868-A66B-4F7C-9BFD-54B4561A06AF}
		{F7D88D24-A5D3-482E-BA9F-C4C206539458} = {41336868-A66B-4F7C-9BFD-54B4561A06AF}
		{A29DE856-DC50-45D9-BA34-77CE18DC4391} = {56557602-0850-446A-9B83-9AA1702650B3}
		{AC390BE7-6721-47F7-8EF9-6245CA17B483} = {69724905-41F7-4F81-8F21-28B7B6772EFA}
		{81E03914-5281-494B-BC83-040A8304E895} = {69724905-41F7-4F81-8F21-28B7B6772EFA}
		{ADC6668B-B7FF-4FEC-88D8-8B29FA218F4D} = {69724905-41F7-4F81-8F21-28B7B6772EFA}
		{315E8681-32A0-4E43-B3A6-9AFB9839883D} = {56557602-0850-446A-9B83-9AA1702650B3}
		{5B382155-5BF2-4464-B763-54DAF4A409B5} = {56557602-0850-446A-9B83-9AA1702650B3}
		{AB0D8B80-EB06-42A4-B45C-FC107D6860D8} = {56557602-0850-446A-9B83-9AA1702650B3}
	EndGlobalSection
EndGlobal
